
Microsoft Visual Studio Solution File, Format Version 12.00
# Visual Studio Version 17
VisualStudioVersion = 17.10.35122.118
MinimumVisualStudioVersion = 10.0.40219.1
Project("{FAE04EC0-301F-11D3-BF4B-00C04F79EFBC}") = "CPK5", "CPK5\CPK5.csproj", "{0F83548C-1B98-43CB-95B1-A33B693DA969}"
EndProject
Global
	GlobalSection(SolutionConfigurationPlatforms) = preSolution
		Debug|Any CPU = Debug|Any CPU
		Release|Any CPU = Release|Any CPU
	EndGlobalSection
	GlobalSection(ProjectConfigurationPlatforms) = postSolution
		{0F83548C-1B98-43CB-95B1-A33B693DA969}.Debug|Any CPU.ActiveCfg = Debug|Any CPU
		{0F83548C-1B98-43CB-95B1-A33B693DA969}.Debug|Any CPU.Build.0 = Debug|Any CPU
		{0F83548C-1B98-43CB-95B1-A33B693DA969}.Release|Any CPU.ActiveCfg = Release|Any CPU
		{0F83548C-1B98-43CB-95B1-A33B693DA969}.Release|Any CPU.Build.0 = Release|Any CPU
	EndGlobalSection
	GlobalSection(SolutionProperties) = preSolution
		HideSolutionNode = FALSE
	EndGlobalSection
	GlobalSection(ExtensibilityGlobals) = postSolution
		SolutionGuid = {C2A1C637-8A4E-47DE-912A-8D811C315AF9}
	EndGlobalSection
EndGlobal
