
Microsoft Visual Studio Solution File, Format Version 12.00
# Visual Studio Version 17
VisualStudioVersion = 17.10.35122.118
MinimumVisualStudioVersion = 10.0.40219.1
Project("{FAE04EC0-301F-11D3-BF4B-00C04F79EFBC}") = "CPK5", "CPK5\CPK5.csproj", "{03E96775-CF9E-4CF7-9259-A478B0F611DB}"
EndProject
Global
	GlobalSection(SolutionConfigurationPlatforms) = preSolution
		Debug|Any CPU = Debug|Any CPU
		Release|Any CPU = Release|Any CPU
	EndGlobalSection
	GlobalSection(ProjectConfigurationPlatforms) = postSolution
		{03E96775-CF9E-4CF7-9259-A478B0F611DB}.Debug|Any CPU.ActiveCfg = Debug|Any CPU
		{03E96775-CF9E-4CF7-9259-A478B0F611DB}.Debug|Any CPU.Build.0 = Debug|Any CPU
		{03E96775-CF9E-4CF7-9259-A478B0F611DB}.Release|Any CPU.ActiveCfg = Release|Any CPU
		{03E96775-CF9E-4CF7-9259-A478B0F611DB}.Release|Any CPU.Build.0 = Release|Any CPU
	EndGlobalSection
	GlobalSection(SolutionProperties) = preSolution
		HideSolutionNode = FALSE
	EndGlobalSection
	GlobalSection(ExtensibilityGlobals) = postSolution
		SolutionGuid = {60677A82-A541-44C2-8835-00B013EA2943}
	EndGlobalSection
EndGlobal
